// !$*UTF8*$!
{
	archiveVersion = 1;
	classes = {
	};
	objectVersion = 46;
	objects = {

/* Begin PBXBuildFile section */
		F67CA3631ED2C1A700DBB059 /* AppDelegate.swift in Sources */ = {isa = PBXBuildFile; fileRef = F67CA3621ED2C1A700DBB059 /* AppDelegate.swift */; };
		F67CA3651ED2C1A700DBB059 /* ViewController.swift in Sources */ = {isa = PBXBuildFile; fileRef = F67CA3641ED2C1A700DBB059 /* ViewController.swift */; };
		F67CA3681ED2C1A700DBB059 /* Main.storyboard in Resources */ = {isa = PBXBuildFile; fileRef = F67CA3661ED2C1A700DBB059 /* Main.storyboard */; };
		F67CA36A1ED2C1A700DBB059 /* Assets.xcassets in Resources */ = {isa = PBXBuildFile; fileRef = F67CA3691ED2C1A700DBB059 /* Assets.xcassets */; };
		F67CA36D1ED2C1A700DBB059 /* LaunchScreen.storyboard in Resources */ = {isa = PBXBuildFile; fileRef = F67CA36B1ED2C1A700DBB059 /* LaunchScreen.storyboard */; };
		F67CA3751ED2C72A00DBB059 /* YXYCustomSliderView.swift in Sources */ = {isa = PBXBuildFile; fileRef = F67CA3741ED2C72A00DBB059 /* YXYCustomSliderView.swift */; };
		F67CA3771ED2D00500DBB059 /* CommonValue.swift in Sources */ = {isa = PBXBuildFile; fileRef = F67CA3761ED2D00500DBB059 /* CommonValue.swift */; };
		FA78275DC768019F36787FED /* Pods____sliderView.framework in Frameworks */ = {isa = PBXBuildFile; fileRef = 548C03AE16D85B227FED7E16 /* Pods____sliderView.framework */; };
/* End PBXBuildFile section */

/* Begin PBXFileReference section */
		548C03AE16D85B227FED7E16 /* Pods____sliderView.framework */ = {isa = PBXFileReference; explicitFileType = wrapper.framework; includeInIndex = 0; path = "Pods____sliderView.framework"; sourceTree = BUILT_PRODUCTS_DIR; };
		7B1F2D2D4C861D786FDC1886 /* Pods-自定义sliderView.release.xcconfig */ = {isa = PBXFileReference; includeInIndex = 1; lastKnownFileType = text.xcconfig; name = "Pods-自定义sliderView.release.xcconfig"; path = "Pods/Target Support Files/Pods-自定义sliderView/Pods-自定义sliderView.release.xcconfig"; sourceTree = "<group>"; };
		AC36AC338FB5D7D29F568CD7 /* Pods-自定义sliderView.debug.xcconfig */ = {isa = PBXFileReference; includeInIndex = 1; lastKnownFileType = text.xcconfig; name = "Pods-自定义sliderView.debug.xcconfig"; path = "Pods/Target Support Files/Pods-自定义sliderView/Pods-自定义sliderView.debug.xcconfig"; sourceTree = "<group>"; };
		F67CA35F1ED2C1A700DBB059 /* 自定义sliderView.app */ = {isa = PBXFileReference; explicitFileType = wrapper.application; includeInIndex = 0; path = "自定义sliderView.app"; sourceTree = BUILT_PRODUCTS_DIR; };
		F67CA3621ED2C1A700DBB059 /* AppDelegate.swift */ = {isa = PBXFileReference; lastKnownFileType = sourcecode.swift; path = AppDelegate.swift; sourceTree = "<group>"; };
		F67CA3641ED2C1A700DBB059 /* ViewController.swift */ = {isa = PBXFileReference; lastKnownFileType = sourcecode.swift; path = ViewController.swift; sourceTree = "<group>"; };
		F67CA3671ED2C1A700DBB059 /* Base */ = {isa = PBXFileReference; lastKnownFileType = file.storyboard; name = Base; path = Base.lproj/Main.storyboard; sourceTree = "<group>"; };
		F67CA3691ED2C1A700DBB059 /* Assets.xcassets */ = {isa = PBXFileReference; lastKnownFileType = folder.assetcatalog; path = Assets.xcassets; sourceTree = "<group>"; };
		F67CA36C1ED2C1A700DBB059 /* Base */ = {isa = PBXFileReference; lastKnownFileType = file.storyboard; name = Base; path = Base.lproj/LaunchScreen.storyboard; sourceTree = "<group>"; };
		F67CA36E1ED2C1A700DBB059 /* Info.plist */ = {isa = PBXFileReference; lastKnownFileType = text.plist.xml; path = Info.plist; sourceTree = "<group>"; };
		F67CA3741ED2C72A00DBB059 /* YXYCustomSliderView.swift */ = {isa = PBXFileReference; fileEncoding = 4; lastKnownFileType = sourcecode.swift; path = YXYCustomSliderView.swift; sourceTree = "<group>"; };
		F67CA3761ED2D00500DBB059 /* CommonValue.swift */ = {isa = PBXFileReference; fileEncoding = 4; lastKnownFileType = sourcecode.swift; path = CommonValue.swift; sourceTree = "<group>"; };
/* End PBXFileReference section */

/* Begin PBXFrameworksBuildPhase section */
		F67CA35C1ED2C1A700DBB059 /* Frameworks */ = {
			isa = PBXFrameworksBuildPhase;
			buildActionMask = 2147483647;
			files = (
				FA78275DC768019F36787FED /* Pods____sliderView.framework in Frameworks */,
			);
			runOnlyForDeploymentPostprocessing = 0;
		};
/* End PBXFrameworksBuildPhase section */

/* Begin PBXGroup section */
		8D7F4BE8ED096D09FD83BDBE /* Pods */ = {
			isa = PBXGroup;
			children = (
				AC36AC338FB5D7D29F568CD7 /* Pods-自定义sliderView.debug.xcconfig */,
				7B1F2D2D4C861D786FDC1886 /* Pods-自定义sliderView.release.xcconfig */,
			);
			name = Pods;
			sourceTree = "<group>";
		};
		DA34F2DBF30A2E8F5FE6A677 /* Frameworks */ = {
			isa = PBXGroup;
			children = (
				548C03AE16D85B227FED7E16 /* Pods____sliderView.framework */,
			);
			name = Frameworks;
			sourceTree = "<group>";
		};
		F67CA3561ED2C1A700DBB059 = {
			isa = PBXGroup;
			children = (
				F67CA3611ED2C1A700DBB059 /* 自定义sliderView */,
				F67CA3601ED2C1A700DBB059 /* Products */,
				8D7F4BE8ED096D09FD83BDBE /* Pods */,
				DA34F2DBF30A2E8F5FE6A677 /* Frameworks */,
			);
			sourceTree = "<group>";
		};
		F67CA3601ED2C1A700DBB059 /* Products */ = {
			isa = PBXGroup;
			children = (
				F67CA35F1ED2C1A700DBB059 /* 自定义sliderView.app */,
			);
			name = Products;
			sourceTree = "<group>";
		};
		F67CA3611ED2C1A700DBB059 /* 自定义sliderView */ = {
			isa = PBXGroup;
			children = (
				F67CA3621ED2C1A700DBB059 /* AppDelegate.swift */,
				F67CA3761ED2D00500DBB059 /* CommonValue.swift */,
				F67CA3641ED2C1A700DBB059 /* ViewController.swift */,
				F67CA3741ED2C72A00DBB059 /* YXYCustomSliderView.swift */,
				F67CA3661ED2C1A700DBB059 /* Main.storyboard */,
				F67CA3691ED2C1A700DBB059 /* Assets.xcassets */,
				F67CA36B1ED2C1A700DBB059 /* LaunchScreen.storyboard */,
				F67CA36E1ED2C1A700DBB059 /* Info.plist */,
			);
			path = "自定义sliderView";
			sourceTree = "<group>";
		};
/* End PBXGroup section */

/* Begin PBXNativeTarget section */
		F67CA35E1ED2C1A700DBB059 /* 自定义sliderView */ = {
			isa = PBXNativeTarget;
			buildConfigurationList = F67CA3711ED2C1A700DBB059 /* Build configuration list for PBXNativeTarget "自定义sliderView" */;
			buildPhases = (
				2BC93BED206583C8A391A6BD /* [CP] Check Pods Manifest.lock */,
				F67CA35B1ED2C1A700DBB059 /* Sources */,
				F67CA35C1ED2C1A700DBB059 /* Frameworks */,
				F67CA35D1ED2C1A700DBB059 /* Resources */,
				C5BA111D4E03DFE72ABC4342 /* [CP] Embed Pods Frameworks */,
				C73674A7914BE71250E407FB /* [CP] Copy Pods Resources */,
			);
			buildRules = (
			);
			dependencies = (
			);
			name = "自定义sliderView";
			productName = "自定义sliderView";
			productReference = F67CA35F1ED2C1A700DBB059 /* 自定义sliderView.app */;
			productType = "com.apple.product-type.application";
		};
/* End PBXNativeTarget section */

/* Begin PBXProject section */
		F67CA3571ED2C1A700DBB059 /* Project object */ = {
			isa = PBXProject;
			attributes = {
				LastSwiftUpdateCheck = 0730;
				LastUpgradeCheck = 0730;
				ORGANIZATIONNAME = YXY.cn;
				TargetAttributes = {
					F67CA35E1ED2C1A700DBB059 = {
						CreatedOnToolsVersion = 7.3.1;
						DevelopmentTeam = DD7738AKPG;
					};
				};
			};
			buildConfigurationList = F67CA35A1ED2C1A700DBB059 /* Build configuration list for PBXProject "自定义sliderView" */;
			compatibilityVersion = "Xcode 3.2";
			developmentRegion = English;
			hasScannedForEncodings = 0;
			knownRegions = (
				en,
				Base,
			);
			mainGroup = F67CA3561ED2C1A700DBB059;
			productRefGroup = F67CA3601ED2C1A700DBB059 /* Products */;
			projectDirPath = "";
			projectRoot = "";
			targets = (
				F67CA35E1ED2C1A700DBB059 /* 自定义sliderView */,
			);
		};
/* End PBXProject section */

/* Begin PBXResourcesBuildPhase section */
		F67CA35D1ED2C1A700DBB059 /* Resources */ = {
			isa = PBXResourcesBuildPhase;
			buildActionMask = 2147483647;
			files = (
				F67CA36D1ED2C1A700DBB059 /* LaunchScreen.storyboard in Resources */,
				F67CA36A1ED2C1A700DBB059 /* Assets.xcassets in Resources */,
				F67CA3681ED2C1A700DBB059 /* Main.storyboard in Resources */,
			);
			runOnlyForDeploymentPostprocessing = 0;
		};
/* End PBXResourcesBuildPhase section */

/* Begin PBXShellScriptBuildPhase section */
		2BC93BED206583C8A391A6BD /* [CP] Check Pods Manifest.lock */ = {
			isa = PBXShellScriptBuildPhase;
			buildActionMask = 2147483647;
			files = (
			);
			inputPaths = (
			);
			name = "[CP] Check Pods Manifest.lock";
			outputPaths = (
			);
			runOnlyForDeploymentPostprocessing = 0;
			shellPath = /bin/sh;
			shellScript = "diff \"${PODS_PODFILE_DIR_PATH}/Podfile.lock\" \"${PODS_ROOT}/Manifest.lock\" > /dev/null\nif [ $? != 0 ] ; then\n    # print error to STDERR\n    echo \"error: The sandbox is not in sync with the Podfile.lock. Run 'pod install' or update your CocoaPods installation.\" >&2\n    exit 1\nfi\n";
			showEnvVarsInLog = 0;
		};
		C5BA111D4E03DFE72ABC4342 /* [CP] Embed Pods Frameworks */ = {
			isa = PBXShellScriptBuildPhase;
			buildActionMask = 2147483647;
			files = (
			);
			inputPaths = (
			);
			name = "[CP] Embed Pods Frameworks";
			outputPaths = (
			);
			runOnlyForDeploymentPostprocessing = 0;
			shellPath = /bin/sh;
			shellScript = "\"${SRCROOT}/Pods/Target Support Files/Pods-自定义sliderView/Pods-自定义sliderView-frameworks.sh\"\n";
			showEnvVarsInLog = 0;
		};
		C73674A7914BE71250E407FB /* [CP] Copy Pods Resources */ = {
			isa = PBXShellScriptBuildPhase;
			buildActionMask = 2147483647;
			files = (
			);
			inputPaths = (
			);
			name = "[CP] Copy Pods Resources";
			outputPaths = (
			);
			runOnlyForDeploymentPostprocessing = 0;
			shellPath = /bin/sh;
			shellScript = "\"${SRCROOT}/Pods/Target Support Files/Pods-自定义sliderView/Pods-自定义sliderView-resources.sh\"\n";
			showEnvVarsInLog = 0;
		};
/* End PBXShellScriptBuildPhase section */

/* Begin PBXSourcesBuildPhase section */
		F67CA35B1ED2C1A700DBB059 /* Sources */ = {
			isa = PBXSourcesBuildPhase;
			buildActionMask = 2147483647;
			files = (
				F67CA3751ED2C72A00DBB059 /* YXYCustomSliderView.swift in Sources */,
				F67CA3651ED2C1A700DBB059 /* ViewController.swift in Sources */,
				F67CA3771ED2D00500DBB059 /* CommonValue.swift in Sources */,
				F67CA3631ED2C1A700DBB059 /* AppDelegate.swift in Sources */,
			);
			runOnlyForDeploymentPostprocessing = 0;
		};
/* End PBXSourcesBuildPhase section */

/* Begin PBXVariantGroup section */
		F67CA3661ED2C1A700DBB059 /* Main.storyboard */ = {
			isa = PBXVariantGroup;
			children = (
				F67CA3671ED2C1A700DBB059 /* Base */,
			);
			name = Main.storyboard;
			sourceTree = "<group>";
		};
		F67CA36B1ED2C1A700DBB059 /* LaunchScreen.storyboard */ = {
			isa = PBXVariantGroup;
			children = (
				F67CA36C1ED2C1A700DBB059 /* Base */,
			);
			name = LaunchScreen.storyboard;
			sourceTree = "<group>";
		};
/* End PBXVariantGroup section */

/* Begin XCBuildConfiguration section */
		F67CA36F1ED2C1A700DBB059 /* Debug */ = {
			isa = XCBuildConfiguration;
			buildSettings = {
				ALWAYS_SEARCH_USER_PATHS = NO;
				CLANG_ANALYZER_NONNULL = YES;
				CLANG_CXX_LANGUAGE_STANDARD = "gnu++0x";
				CLANG_CXX_LIBRARY = "libc++";
				CLANG_ENABLE_MODULES = YES;
				CLANG_ENABLE_OBJC_ARC = YES;
				CLANG_WARN_BOOL_CONVERSION = YES;
				CLANG_WARN_CONSTANT_CONVERSION = YES;
				CLANG_WARN_DIRECT_OBJC_ISA_USAGE = YES_ERROR;
				CLANG_WARN_EMPTY_BODY = YES;
				CLANG_WARN_ENUM_CONVERSION = YES;
				CLANG_WARN_INT_CONVERSION = YES;
				CLANG_WARN_OBJC_ROOT_CLASS = YES_ERROR;
				CLANG_WARN_UNREACHABLE_CODE = YES;
				CLANG_WARN__DUPLICATE_METHOD_MATCH = YES;
				"CODE_SIGN_IDENTITY[sdk=iphoneos*]" = "iPhone Developer";
				COPY_PHASE_STRIP = NO;
				DEBUG_INFORMATION_FORMAT = dwarf;
				ENABLE_STRICT_OBJC_MSGSEND = YES;
				ENABLE_TESTABILITY = YES;
				GCC_C_LANGUAGE_STANDARD = gnu99;
				GCC_DYNAMIC_NO_PIC = NO;
				GCC_NO_COMMON_BLOCKS = YES;
				GCC_OPTIMIZATION_LEVEL = 0;
				GCC_PREPROCESSOR_DEFINITIONS = (
					"DEBUG=1",
					"$(inherited)",
				);
				GCC_WARN_64_TO_32_BIT_CONVERSION = YES;
				GCC_WARN_ABOUT_RETURN_TYPE = YES_ERROR;
				GCC_WARN_UNDECLARED_SELECTOR = YES;
				GCC_WARN_UNINITIALIZED_AUTOS = YES_AGGRESSIVE;
				GCC_WARN_UNUSED_FUNCTION = YES;
				GCC_WARN_UNUSED_VARIABLE = YES;
				IPHONEOS_DEPLOYMENT_TARGET = 9.3;
				MTL_ENABLE_DEBUG_INFO = YES;
				ONLY_ACTIVE_ARCH = YES;
				SDKROOT = iphoneos;
				SWIFT_OPTIMIZATION_LEVEL = "-Onone";
			};
			name = Debug;
		};
		F67CA3701ED2C1A700DBB059 /* Release */ = {
			isa = XCBuildConfiguration;
			buildSettings = {
				ALWAYS_SEARCH_USER_PATHS = NO;
				CLANG_ANALYZER_NONNULL = YES;
				CLANG_CXX_LANGUAGE_STANDARD = "gnu++0x";
				CLANG_CXX_LIBRARY = "libc++";
				CLANG_ENABLE_MODULES = YES;
				CLANG_ENABLE_OBJC_ARC = YES;
				CLANG_WARN_BOOL_CONVERSION = YES;
				CLANG_WARN_CONSTANT_CONVERSION = YES;
				CLANG_WARN_DIRECT_OBJC_ISA_USAGE = YES_ERROR;
				CLANG_WARN_EMPTY_BODY = YES;
				CLANG_WARN_ENUM_CONVERSION = YES;
				CLANG_WARN_INT_CONVERSION = YES;
				CLANG_WARN_OBJC_ROOT_CLASS = YES_ERROR;
				CLANG_WARN_UNREACHABLE_CODE = YES;
				CLANG_WARN__DUPLICATE_METHOD_MATCH = YES;
				"CODE_SIGN_IDENTITY[sdk=iphoneos*]" = "iPhone Developer";
				COPY_PHASE_STRIP = NO;
				DEBUG_INFORMATION_FORMAT = "dwarf-with-dsym";
				ENABLE_NS_ASSERTIONS = NO;
				ENABLE_STRICT_OBJC_MSGSEND = YES;
				GCC_C_LANGUAGE_STANDARD = gnu99;
				GCC_NO_COMMON_BLOCKS = YES;
				GCC_WARN_64_TO_32_BIT_CONVERSION = YES;
				GCC_WARN_ABOUT_RETURN_TYPE = YES_ERROR;
				GCC_WARN_UNDECLARED_SELECTOR = YES;
				GCC_WARN_UNINITIALIZED_AUTOS = YES_AGGRESSIVE;
				GCC_WARN_UNUSED_FUNCTION = YES;
				GCC_WARN_UNUSED_VARIABLE = YES;
				IPHONEOS_DEPLOYMENT_TARGET = 9.3;
				MTL_ENABLE_DEBUG_INFO = NO;
				SDKROOT = iphoneos;
				VALIDATE_PRODUCT = YES;
			};
			name = Release;
		};
		F67CA3721ED2C1A700DBB059 /* Debug */ = {
			isa = XCBuildConfiguration;
			baseConfigurationReference = AC36AC338FB5D7D29F568CD7 /* Pods-自定义sliderView.debug.xcconfig */;
			buildSettings = {
				ASSETCATALOG_COMPILER_APPICON_NAME = AppIcon;
				CODE_SIGN_IDENTITY = "iPhone Developer";
				"CODE_SIGN_IDENTITY[sdk=iphoneos*]" = "iPhone Developer";
				INFOPLIST_FILE = "自定义sliderView/Info.plist";
				IPHONEOS_DEPLOYMENT_TARGET = 8.0;
				LD_RUNPATH_SEARCH_PATHS = "$(inherited) @executable_path/Frameworks";
				PRODUCT_BUNDLE_IDENTIFIER = "cn.YXY.---sliderView";
				PRODUCT_NAME = "$(TARGET_NAME)";
				PROVISIONING_PROFILE = "";
			};
			name = Debug;
		};
		F67CA3731ED2C1A700DBB059 /* Release */ = {
			isa = XCBuildConfiguration;
			baseConfigurationReference = 7B1F2D2D4C861D786FDC1886 /* Pods-自定义sliderView.release.xcconfig */;
			buildSettings = {
				ASSETCATALOG_COMPILER_APPICON_NAME = AppIcon;
				CODE_SIGN_IDENTITY = "iPhone Developer";
				"CODE_SIGN_IDENTITY[sdk=iphoneos*]" = "iPhone Developer";
				INFOPLIST_FILE = "自定义sliderView/Info.plist";
				IPHONEOS_DEPLOYMENT_TARGET = 8.0;
				LD_RUNPATH_SEARCH_PATHS = "$(inherited) @executable_path/Frameworks";
				PRODUCT_BUNDLE_IDENTIFIER = "cn.YXY.---sliderView";
				PRODUCT_NAME = "$(TARGET_NAME)";
				PROVISIONING_PROFILE = "";
			};
			name = Release;
		};
/* End XCBuildConfiguration section */

/* Begin XCConfigurationList section */
		F67CA35A1ED2C1A700DBB059 /* Build configuration list for PBXProject "自定义sliderView" */ = {
			isa = XCConfigurationList;
			buildConfigurations = (
				F67CA36F1ED2C1A700DBB059 /* Debug */,
				F67CA3701ED2C1A700DBB059 /* Release */,
			);
			defaultConfigurationIsVisible = 0;
			defaultConfigurationName = Release;
		};
		F67CA3711ED2C1A700DBB059 /* Build configuration list for PBXNativeTarget "自定义sliderView" */ = {
			isa = XCConfigurationList;
			buildConfigurations = (
				F67CA3721ED2C1A700DBB059 /* Debug */,
				F67CA3731ED2C1A700DBB059 /* Release */,
			);
			defaultConfigurationIsVisible = 0;
			defaultConfigurationName = Release;
		};
/* End XCConfigurationList section */
	};
	rootObject = F67CA3571ED2C1A700DBB059 /* Project object */;
}
